
Microsoft Visual Studio Solution File, Format Version 12.00
# Visual Studio Version 17
VisualStudioVersion = 17.10.34928.147
MinimumVisualStudioVersion = 10.0.40219.1
Project("{FAE04EC0-301F-11D3-BF4B-00C04F79EFBC}") = "PDFConverter", "PDFConverter\PDFConverter.csproj", "{1368E462-C45E-4C80-89D6-7C02DF85B4CA}"
EndProject
Global
	GlobalSection(SolutionConfigurationPlatforms) = preSolution
		Debug|Any CPU = Debug|Any CPU
		Release|Any CPU = Release|Any CPU
	EndGlobalSection
	GlobalSection(ProjectConfigurationPlatforms) = postSolution
		{1368E462-C45E-4C80-89D6-7C02DF85B4CA}.Debug|Any CPU.ActiveCfg = Debug|Any CPU
		{1368E462-C45E-4C80-89D6-7C02DF85B4CA}.Debug|Any CPU.Build.0 = Debug|Any CPU
		{1368E462-C45E-4C80-89D6-7C02DF85B4CA}.Release|Any CPU.ActiveCfg = Release|Any CPU
		{1368E462-C45E-4C80-89D6-7C02DF85B4CA}.Release|Any CPU.Build.0 = Release|Any CPU
	EndGlobalSection
	GlobalSection(SolutionProperties) = preSolution
		HideSolutionNode = FALSE
	EndGlobalSection
	GlobalSection(ExtensibilityGlobals) = postSolution
		SolutionGuid = {E882089D-81BF-4F44-B77D-CF3693AC39D5}
	EndGlobalSection
EndGlobal
